// !$*UTF8*$!
{
	archiveVersion = 1;
	classes = {
	};
	objectVersion = 48;
	objects = {

/* Begin PBXBuildFile section */
		9963875A201C711500C285EA /* Seasons.storyboard in Resources */ = {isa = PBXBuildFile; fileRef = 99638759201C711500C285EA /* Seasons.storyboard */; };
		9963875C201C712300C285EA /* SeasonsViewController.swift in Sources */ = {isa = PBXBuildFile; fileRef = 9963875B201C712300C285EA /* SeasonsViewController.swift */; };
		9963875E201C712E00C285EA /* SeasonsViewModel.swift in Sources */ = {isa = PBXBuildFile; fileRef = 9963875D201C712E00C285EA /* SeasonsViewModel.swift */; };
		99638760201C713900C285EA /* SeasonsModel.swift in Sources */ = {isa = PBXBuildFile; fileRef = 9963875F201C713900C285EA /* SeasonsModel.swift */; };
		99638763201C717500C285EA /* ArtistsViewController.swift in Sources */ = {isa = PBXBuildFile; fileRef = 99638762201C717500C285EA /* ArtistsViewController.swift */; };
		99638765201C718200C285EA /* Artists.storyboard in Resources */ = {isa = PBXBuildFile; fileRef = 99638764201C718200C285EA /* Artists.storyboard */; };
		99638767201C718F00C285EA /* ArtistsViewModel.swift in Sources */ = {isa = PBXBuildFile; fileRef = 99638766201C718F00C285EA /* ArtistsViewModel.swift */; };
		99638769201C719E00C285EA /* ArtistsModel.swift in Sources */ = {isa = PBXBuildFile; fileRef = 99638768201C719E00C285EA /* ArtistsModel.swift */; };
		99800D14201CEBCA00CAEA5F /* HomePage.storyboard in Resources */ = {isa = PBXBuildFile; fileRef = 99800D13201CEBCA00CAEA5F /* HomePage.storyboard */; };
		99800D16201CF3B400CAEA5F /* ExtolTableViewHeader.xib in Resources */ = {isa = PBXBuildFile; fileRef = 99800D15201CF3B400CAEA5F /* ExtolTableViewHeader.xib */; };
		99800D19201CF48500CAEA5F /* ExtolTableViewHeader.swift in Sources */ = {isa = PBXBuildFile; fileRef = 99800D18201CF48500CAEA5F /* ExtolTableViewHeader.swift */; };
		99800D1D201D659D00CAEA5F /* SeasonsTableViewCell.swift in Sources */ = {isa = PBXBuildFile; fileRef = 99800D1C201D659D00CAEA5F /* SeasonsTableViewCell.swift */; };
		99800D1F201D65BA00CAEA5F /* SeasonsTableViewCell.xib in Resources */ = {isa = PBXBuildFile; fileRef = 99800D1E201D65BA00CAEA5F /* SeasonsTableViewCell.xib */; };
		99800D21201D943A00CAEA5F /* DevotionViewer.storyboard in Resources */ = {isa = PBXBuildFile; fileRef = 99800D20201D943A00CAEA5F /* DevotionViewer.storyboard */; };
		99800D23201D944B00CAEA5F /* DevotionViewerModel.swift in Sources */ = {isa = PBXBuildFile; fileRef = 99800D22201D944B00CAEA5F /* DevotionViewerModel.swift */; };
		99800D25201D945500CAEA5F /* DevotionViewerViewModel.swift in Sources */ = {isa = PBXBuildFile; fileRef = 99800D24201D945500CAEA5F /* DevotionViewerViewModel.swift */; };
		99800D27201D946100CAEA5F /* DevotionViewerViewController.swift in Sources */ = {isa = PBXBuildFile; fileRef = 99800D26201D946100CAEA5F /* DevotionViewerViewController.swift */; };
		99AB092020117F4400FD4505 /* AppDelegate.swift in Sources */ = {isa = PBXBuildFile; fileRef = 99AB091F20117F4400FD4505 /* AppDelegate.swift */; };
		99AB092220117F4400FD4505 /* DevotionListViewController.swift in Sources */ = {isa = PBXBuildFile; fileRef = 99AB092120117F4400FD4505 /* DevotionListViewController.swift */; };
		99AB092520117F4400FD4505 /* DevotionList.storyboard in Resources */ = {isa = PBXBuildFile; fileRef = 99AB092320117F4400FD4505 /* DevotionList.storyboard */; };
		99AB092720117F4400FD4505 /* Assets.xcassets in Resources */ = {isa = PBXBuildFile; fileRef = 99AB092620117F4400FD4505 /* Assets.xcassets */; };
		99AB092A20117F4400FD4505 /* LaunchScreen.storyboard in Resources */ = {isa = PBXBuildFile; fileRef = 99AB092820117F4400FD4505 /* LaunchScreen.storyboard */; };
		99AB093520117F4400FD4505 /* ExtolTests.swift in Sources */ = {isa = PBXBuildFile; fileRef = 99AB093420117F4400FD4505 /* ExtolTests.swift */; };
		99AB0943201185EF00FD4505 /* DevotionListViewModel.swift in Sources */ = {isa = PBXBuildFile; fileRef = 99AB0942201185EF00FD4505 /* DevotionListViewModel.swift */; };
		99AB0945201185FD00FD4505 /* DevotionListModel.swift in Sources */ = {isa = PBXBuildFile; fileRef = 99AB0944201185FD00FD4505 /* DevotionListModel.swift */; };
		99AB09472011864F00FD4505 /* Devotion.swift in Sources */ = {isa = PBXBuildFile; fileRef = 99AB09462011864F00FD4505 /* Devotion.swift */; };
		99AB094A20118BCA00FD4505 /* DevotionTableViewCell.xib in Resources */ = {isa = PBXBuildFile; fileRef = 99AB094920118BCA00FD4505 /* DevotionTableViewCell.xib */; };
		99AB094C20118BD800FD4505 /* DevotionTableViewCell.swift in Sources */ = {isa = PBXBuildFile; fileRef = 99AB094B20118BD800FD4505 /* DevotionTableViewCell.swift */; };
		99B8E06D201C483E00F5E545 /* TabBar.storyboard in Resources */ = {isa = PBXBuildFile; fileRef = 99B8E06C201C483E00F5E545 /* TabBar.storyboard */; };
		99B8E070201C4D1300F5E545 /* HomePageViewController.swift in Sources */ = {isa = PBXBuildFile; fileRef = 99B8E06F201C4D1300F5E545 /* HomePageViewController.swift */; };
/* End PBXBuildFile section */

/* Begin PBXContainerItemProxy section */
		99AB093120117F4400FD4505 /* PBXContainerItemProxy */ = {
			isa = PBXContainerItemProxy;
			containerPortal = 99AB091420117F4400FD4505 /* Project object */;
			proxyType = 1;
			remoteGlobalIDString = 99AB091B20117F4400FD4505;
			remoteInfo = Extol;
		};
/* End PBXContainerItemProxy section */

/* Begin PBXFileReference section */
		99638759201C711500C285EA /* Seasons.storyboard */ = {isa = PBXFileReference; lastKnownFileType = file.storyboard; path = Seasons.storyboard; sourceTree = "<group>"; };
		9963875B201C712300C285EA /* SeasonsViewController.swift */ = {isa = PBXFileReference; lastKnownFileType = sourcecode.swift; path = SeasonsViewController.swift; sourceTree = "<group>"; };
		9963875D201C712E00C285EA /* SeasonsViewModel.swift */ = {isa = PBXFileReference; lastKnownFileType = sourcecode.swift; path = SeasonsViewModel.swift; sourceTree = "<group>"; };
		9963875F201C713900C285EA /* SeasonsModel.swift */ = {isa = PBXFileReference; lastKnownFileType = sourcecode.swift; path = SeasonsModel.swift; sourceTree = "<group>"; };
		99638762201C717500C285EA /* ArtistsViewController.swift */ = {isa = PBXFileReference; lastKnownFileType = sourcecode.swift; path = ArtistsViewController.swift; sourceTree = "<group>"; };
		99638764201C718200C285EA /* Artists.storyboard */ = {isa = PBXFileReference; lastKnownFileType = file.storyboard; path = Artists.storyboard; sourceTree = "<group>"; };
		99638766201C718F00C285EA /* ArtistsViewModel.swift */ = {isa = PBXFileReference; lastKnownFileType = sourcecode.swift; path = ArtistsViewModel.swift; sourceTree = "<group>"; };
		99638768201C719E00C285EA /* ArtistsModel.swift */ = {isa = PBXFileReference; lastKnownFileType = sourcecode.swift; path = ArtistsModel.swift; sourceTree = "<group>"; };
		99800D13201CEBCA00CAEA5F /* HomePage.storyboard */ = {isa = PBXFileReference; lastKnownFileType = file.storyboard; path = HomePage.storyboard; sourceTree = "<group>"; };
		99800D15201CF3B400CAEA5F /* ExtolTableViewHeader.xib */ = {isa = PBXFileReference; lastKnownFileType = file.xib; path = ExtolTableViewHeader.xib; sourceTree = "<group>"; };
		99800D18201CF48500CAEA5F /* ExtolTableViewHeader.swift */ = {isa = PBXFileReference; lastKnownFileType = sourcecode.swift; path = ExtolTableViewHeader.swift; sourceTree = "<group>"; };
		99800D1C201D659D00CAEA5F /* SeasonsTableViewCell.swift */ = {isa = PBXFileReference; lastKnownFileType = sourcecode.swift; path = SeasonsTableViewCell.swift; sourceTree = "<group>"; };
		99800D1E201D65BA00CAEA5F /* SeasonsTableViewCell.xib */ = {isa = PBXFileReference; lastKnownFileType = file.xib; path = SeasonsTableViewCell.xib; sourceTree = "<group>"; };
		99800D20201D943A00CAEA5F /* DevotionViewer.storyboard */ = {isa = PBXFileReference; lastKnownFileType = file.storyboard; path = DevotionViewer.storyboard; sourceTree = "<group>"; };
		99800D22201D944B00CAEA5F /* DevotionViewerModel.swift */ = {isa = PBXFileReference; lastKnownFileType = sourcecode.swift; path = DevotionViewerModel.swift; sourceTree = "<group>"; };
		99800D24201D945500CAEA5F /* DevotionViewerViewModel.swift */ = {isa = PBXFileReference; lastKnownFileType = sourcecode.swift; path = DevotionViewerViewModel.swift; sourceTree = "<group>"; };
		99800D26201D946100CAEA5F /* DevotionViewerViewController.swift */ = {isa = PBXFileReference; lastKnownFileType = sourcecode.swift; path = DevotionViewerViewController.swift; sourceTree = "<group>"; };
		99AB091C20117F4400FD4505 /* Extol.app */ = {isa = PBXFileReference; explicitFileType = wrapper.application; includeInIndex = 0; path = Extol.app; sourceTree = BUILT_PRODUCTS_DIR; };
		99AB091F20117F4400FD4505 /* AppDelegate.swift */ = {isa = PBXFileReference; lastKnownFileType = sourcecode.swift; path = AppDelegate.swift; sourceTree = "<group>"; };
		99AB092120117F4400FD4505 /* DevotionListViewController.swift */ = {isa = PBXFileReference; lastKnownFileType = sourcecode.swift; path = DevotionListViewController.swift; sourceTree = "<group>"; };
		99AB092420117F4400FD4505 /* Base */ = {isa = PBXFileReference; lastKnownFileType = file.storyboard; name = Base; path = Base.lproj/DevotionList.storyboard; sourceTree = "<group>"; };
		99AB092620117F4400FD4505 /* Assets.xcassets */ = {isa = PBXFileReference; lastKnownFileType = folder.assetcatalog; path = Assets.xcassets; sourceTree = "<group>"; };
		99AB092920117F4400FD4505 /* Base */ = {isa = PBXFileReference; lastKnownFileType = file.storyboard; name = Base; path = Base.lproj/LaunchScreen.storyboard; sourceTree = "<group>"; };
		99AB092B20117F4400FD4505 /* Info.plist */ = {isa = PBXFileReference; lastKnownFileType = text.plist.xml; path = Info.plist; sourceTree = "<group>"; };
		99AB093020117F4400FD4505 /* ExtolTests.xctest */ = {isa = PBXFileReference; explicitFileType = wrapper.cfbundle; includeInIndex = 0; path = ExtolTests.xctest; sourceTree = BUILT_PRODUCTS_DIR; };
		99AB093420117F4400FD4505 /* ExtolTests.swift */ = {isa = PBXFileReference; lastKnownFileType = sourcecode.swift; path = ExtolTests.swift; sourceTree = "<group>"; };
		99AB093620117F4400FD4505 /* Info.plist */ = {isa = PBXFileReference; lastKnownFileType = text.plist.xml; path = Info.plist; sourceTree = "<group>"; };
		99AB0942201185EF00FD4505 /* DevotionListViewModel.swift */ = {isa = PBXFileReference; lastKnownFileType = sourcecode.swift; path = DevotionListViewModel.swift; sourceTree = "<group>"; };
		99AB0944201185FD00FD4505 /* DevotionListModel.swift */ = {isa = PBXFileReference; lastKnownFileType = sourcecode.swift; path = DevotionListModel.swift; sourceTree = "<group>"; };
		99AB09462011864F00FD4505 /* Devotion.swift */ = {isa = PBXFileReference; lastKnownFileType = sourcecode.swift; path = Devotion.swift; sourceTree = "<group>"; };
		99AB094920118BCA00FD4505 /* DevotionTableViewCell.xib */ = {isa = PBXFileReference; lastKnownFileType = file.xib; path = DevotionTableViewCell.xib; sourceTree = "<group>"; };
		99AB094B20118BD800FD4505 /* DevotionTableViewCell.swift */ = {isa = PBXFileReference; lastKnownFileType = sourcecode.swift; path = DevotionTableViewCell.swift; sourceTree = "<group>"; };
		99B8E06C201C483E00F5E545 /* TabBar.storyboard */ = {isa = PBXFileReference; lastKnownFileType = file.storyboard; path = TabBar.storyboard; sourceTree = "<group>"; };
		99B8E06F201C4D1300F5E545 /* HomePageViewController.swift */ = {isa = PBXFileReference; lastKnownFileType = sourcecode.swift; path = HomePageViewController.swift; sourceTree = "<group>"; };
/* End PBXFileReference section */

/* Begin PBXFrameworksBuildPhase section */
		99AB091920117F4400FD4505 /* Frameworks */ = {
			isa = PBXFrameworksBuildPhase;
			buildActionMask = 2147483647;
			files = (
			);
			runOnlyForDeploymentPostprocessing = 0;
		};
		99AB092D20117F4400FD4505 /* Frameworks */ = {
			isa = PBXFrameworksBuildPhase;
			buildActionMask = 2147483647;
			files = (
			);
			runOnlyForDeploymentPostprocessing = 0;
		};
/* End PBXFrameworksBuildPhase section */

/* Begin PBXGroup section */
		99638758201C70EF00C285EA /* Seasons */ = {
			isa = PBXGroup;
			children = (
				99638759201C711500C285EA /* Seasons.storyboard */,
				9963875F201C713900C285EA /* SeasonsModel.swift */,
				9963875D201C712E00C285EA /* SeasonsViewModel.swift */,
				9963875B201C712300C285EA /* SeasonsViewController.swift */,
				99800D17201CF3D100CAEA5F /* TableViewXibs */,
			);
			path = Seasons;
			sourceTree = "<group>";
		};
		99638761201C715E00C285EA /* Artists */ = {
			isa = PBXGroup;
			children = (
				99638764201C718200C285EA /* Artists.storyboard */,
				99638768201C719E00C285EA /* ArtistsModel.swift */,
				99638766201C718F00C285EA /* ArtistsViewModel.swift */,
				99638762201C717500C285EA /* ArtistsViewController.swift */,
			);
			path = Artists;
			sourceTree = "<group>";
		};
		99800D17201CF3D100CAEA5F /* TableViewXibs */ = {
			isa = PBXGroup;
			children = (
				99800D1E201D65BA00CAEA5F /* SeasonsTableViewCell.xib */,
				99800D1C201D659D00CAEA5F /* SeasonsTableViewCell.swift */,
			);
			path = TableViewXibs;
			sourceTree = "<group>";
		};
		99800D28201E55F000CAEA5F /* AppWide */ = {
			isa = PBXGroup;
			children = (
				99B8E06C201C483E00F5E545 /* TabBar.storyboard */,
				99800D15201CF3B400CAEA5F /* ExtolTableViewHeader.xib */,
				99800D18201CF48500CAEA5F /* ExtolTableViewHeader.swift */,
			);
			path = AppWide;
			sourceTree = "<group>";
		};
		99AB091320117F4400FD4505 = {
			isa = PBXGroup;
			children = (
				99AB091E20117F4400FD4505 /* Extol */,
				99AB093320117F4400FD4505 /* ExtolTests */,
				99AB091D20117F4400FD4505 /* Products */,
			);
			sourceTree = "<group>";
		};
		99AB091D20117F4400FD4505 /* Products */ = {
			isa = PBXGroup;
			children = (
				99AB091C20117F4400FD4505 /* Extol.app */,
				99AB093020117F4400FD4505 /* ExtolTests.xctest */,
			);
			name = Products;
			sourceTree = "<group>";
		};
		99AB091E20117F4400FD4505 /* Extol */ = {
			isa = PBXGroup;
			children = (
				99AB093F20117F9400FD4505 /* Scenes */,
				99AB091F20117F4400FD4505 /* AppDelegate.swift */,
				99AB09462011864F00FD4505 /* Devotion.swift */,
				99AB092620117F4400FD4505 /* Assets.xcassets */,
				99AB092820117F4400FD4505 /* LaunchScreen.storyboard */,
				99AB092B20117F4400FD4505 /* Info.plist */,
			);
			path = Extol;
			sourceTree = "<group>";
		};
		99AB093320117F4400FD4505 /* ExtolTests */ = {
			isa = PBXGroup;
			children = (
				99AB093420117F4400FD4505 /* ExtolTests.swift */,
				99AB093620117F4400FD4505 /* Info.plist */,
			);
			path = ExtolTests;
			sourceTree = "<group>";
		};
		99AB093F20117F9400FD4505 /* Scenes */ = {
			isa = PBXGroup;
			children = (
				99800D28201E55F000CAEA5F /* AppWide */,
				99B8E06E201C496D00F5E545 /* HomePage */,
				99638758201C70EF00C285EA /* Seasons */,
				99638761201C715E00C285EA /* Artists */,
				99AB0941201184FC00FD4505 /* DevotionViewer */,
				99AB0940201184E200FD4505 /* DevotionList */,
			);
			path = Scenes;
			sourceTree = "<group>";
		};
		99AB0940201184E200FD4505 /* DevotionList */ = {
			isa = PBXGroup;
			children = (
				99AB092320117F4400FD4505 /* DevotionList.storyboard */,
				99AB0944201185FD00FD4505 /* DevotionListModel.swift */,
				99AB0942201185EF00FD4505 /* DevotionListViewModel.swift */,
				99AB092120117F4400FD4505 /* DevotionListViewController.swift */,
				99AB094820118B9E00FD4505 /* DevotionTableViewCell */,
			);
			path = DevotionList;
			sourceTree = "<group>";
		};
		99AB0941201184FC00FD4505 /* DevotionViewer */ = {
			isa = PBXGroup;
			children = (
				99800D20201D943A00CAEA5F /* DevotionViewer.storyboard */,
				99800D22201D944B00CAEA5F /* DevotionViewerModel.swift */,
				99800D24201D945500CAEA5F /* DevotionViewerViewModel.swift */,
				99800D26201D946100CAEA5F /* DevotionViewerViewController.swift */,
			);
			path = DevotionViewer;
			sourceTree = "<group>";
		};
		99AB094820118B9E00FD4505 /* DevotionTableViewCell */ = {
			isa = PBXGroup;
			children = (
				99AB094920118BCA00FD4505 /* DevotionTableViewCell.xib */,
				99AB094B20118BD800FD4505 /* DevotionTableViewCell.swift */,
			);
			path = DevotionTableViewCell;
			sourceTree = "<group>";
		};
		99B8E06E201C496D00F5E545 /* HomePage */ = {
			isa = PBXGroup;
			children = (
				99800D13201CEBCA00CAEA5F /* HomePage.storyboard */,
				99B8E06F201C4D1300F5E545 /* HomePageViewController.swift */,
			);
			path = HomePage;
			sourceTree = "<group>";
		};
/* End PBXGroup section */

/* Begin PBXNativeTarget section */
		99AB091B20117F4400FD4505 /* Extol */ = {
			isa = PBXNativeTarget;
			buildConfigurationList = 99AB093920117F4400FD4505 /* Build configuration list for PBXNativeTarget "Extol" */;
			buildPhases = (
				99AB091820117F4400FD4505 /* Sources */,
				99AB091920117F4400FD4505 /* Frameworks */,
				99AB091A20117F4400FD4505 /* Resources */,
			);
			buildRules = (
			);
			dependencies = (
			);
			name = Extol;
			productName = Extol;
			productReference = 99AB091C20117F4400FD4505 /* Extol.app */;
			productType = "com.apple.product-type.application";
		};
		99AB092F20117F4400FD4505 /* ExtolTests */ = {
			isa = PBXNativeTarget;
			buildConfigurationList = 99AB093C20117F4400FD4505 /* Build configuration list for PBXNativeTarget "ExtolTests" */;
			buildPhases = (
				99AB092C20117F4400FD4505 /* Sources */,
				99AB092D20117F4400FD4505 /* Frameworks */,
				99AB092E20117F4400FD4505 /* Resources */,
			);
			buildRules = (
			);
			dependencies = (
				99AB093220117F4400FD4505 /* PBXTargetDependency */,
			);
			name = ExtolTests;
			productName = ExtolTests;
			productReference = 99AB093020117F4400FD4505 /* ExtolTests.xctest */;
			productType = "com.apple.product-type.bundle.unit-test";
		};
/* End PBXNativeTarget section */

/* Begin PBXProject section */
		99AB091420117F4400FD4505 /* Project object */ = {
			isa = PBXProject;
			attributes = {
				LastSwiftUpdateCheck = 0910;
				LastUpgradeCheck = 0910;
				ORGANIZATIONNAME = Bearsnsuch;
				TargetAttributes = {
					99AB091B20117F4400FD4505 = {
						CreatedOnToolsVersion = 9.1;
						ProvisioningStyle = Automatic;
					};
					99AB092F20117F4400FD4505 = {
						CreatedOnToolsVersion = 9.1;
						ProvisioningStyle = Automatic;
						TestTargetID = 99AB091B20117F4400FD4505;
					};
				};
			};
			buildConfigurationList = 99AB091720117F4400FD4505 /* Build configuration list for PBXProject "Extol" */;
			compatibilityVersion = "Xcode 8.0";
			developmentRegion = en;
			hasScannedForEncodings = 0;
			knownRegions = (
				en,
				Base,
			);
			mainGroup = 99AB091320117F4400FD4505;
			productRefGroup = 99AB091D20117F4400FD4505 /* Products */;
			projectDirPath = "";
			projectRoot = "";
			targets = (
				99AB091B20117F4400FD4505 /* Extol */,
				99AB092F20117F4400FD4505 /* ExtolTests */,
			);
		};
/* End PBXProject section */

/* Begin PBXResourcesBuildPhase section */
		99AB091A20117F4400FD4505 /* Resources */ = {
			isa = PBXResourcesBuildPhase;
			buildActionMask = 2147483647;
			files = (
				99800D1F201D65BA00CAEA5F /* SeasonsTableViewCell.xib in Resources */,
				99800D14201CEBCA00CAEA5F /* HomePage.storyboard in Resources */,
				99800D21201D943A00CAEA5F /* DevotionViewer.storyboard in Resources */,
				99800D16201CF3B400CAEA5F /* ExtolTableViewHeader.xib in Resources */,
				99B8E06D201C483E00F5E545 /* TabBar.storyboard in Resources */,
				99AB092A20117F4400FD4505 /* LaunchScreen.storyboard in Resources */,
				99AB094A20118BCA00FD4505 /* DevotionTableViewCell.xib in Resources */,
				99638765201C718200C285EA /* Artists.storyboard in Resources */,
				9963875A201C711500C285EA /* Seasons.storyboard in Resources */,
				99AB092720117F4400FD4505 /* Assets.xcassets in Resources */,
				99AB092520117F4400FD4505 /* DevotionList.storyboard in Resources */,
			);
			runOnlyForDeploymentPostprocessing = 0;
		};
		99AB092E20117F4400FD4505 /* Resources */ = {
			isa = PBXResourcesBuildPhase;
			buildActionMask = 2147483647;
			files = (
			);
			runOnlyForDeploymentPostprocessing = 0;
		};
/* End PBXResourcesBuildPhase section */

/* Begin PBXSourcesBuildPhase section */
		99AB091820117F4400FD4505 /* Sources */ = {
			isa = PBXSourcesBuildPhase;
			buildActionMask = 2147483647;
			files = (
				99638769201C719E00C285EA /* ArtistsModel.swift in Sources */,
				99AB092220117F4400FD4505 /* DevotionListViewController.swift in Sources */,
				99800D27201D946100CAEA5F /* DevotionViewerViewController.swift in Sources */,
				9963875C201C712300C285EA /* SeasonsViewController.swift in Sources */,
				99B8E070201C4D1300F5E545 /* HomePageViewController.swift in Sources */,
				9963875E201C712E00C285EA /* SeasonsViewModel.swift in Sources */,
				99AB094C20118BD800FD4505 /* DevotionTableViewCell.swift in Sources */,
				99AB0943201185EF00FD4505 /* DevotionListViewModel.swift in Sources */,
				99800D23201D944B00CAEA5F /* DevotionViewerModel.swift in Sources */,
				99800D19201CF48500CAEA5F /* ExtolTableViewHeader.swift in Sources */,
				99AB092020117F4400FD4505 /* AppDelegate.swift in Sources */,
				99638763201C717500C285EA /* ArtistsViewController.swift in Sources */,
				99800D25201D945500CAEA5F /* DevotionViewerViewModel.swift in Sources */,
				99AB09472011864F00FD4505 /* Devotion.swift in Sources */,
				99638760201C713900C285EA /* SeasonsModel.swift in Sources */,
				99AB0945201185FD00FD4505 /* DevotionListModel.swift in Sources */,
				99638767201C718F00C285EA /* ArtistsViewModel.swift in Sources */,
				99800D1D201D659D00CAEA5F /* SeasonsTableViewCell.swift in Sources */,
			);
			runOnlyForDeploymentPostprocessing = 0;
		};
		99AB092C20117F4400FD4505 /* Sources */ = {
			isa = PBXSourcesBuildPhase;
			buildActionMask = 2147483647;
			files = (
				99AB093520117F4400FD4505 /* ExtolTests.swift in Sources */,
			);
			runOnlyForDeploymentPostprocessing = 0;
		};
/* End PBXSourcesBuildPhase section */

/* Begin PBXTargetDependency section */
		99AB093220117F4400FD4505 /* PBXTargetDependency */ = {
			isa = PBXTargetDependency;
			target = 99AB091B20117F4400FD4505 /* Extol */;
			targetProxy = 99AB093120117F4400FD4505 /* PBXContainerItemProxy */;
		};
/* End PBXTargetDependency section */

/* Begin PBXVariantGroup section */
		99AB092320117F4400FD4505 /* DevotionList.storyboard */ = {
			isa = PBXVariantGroup;
			children = (
				99AB092420117F4400FD4505 /* Base */,
			);
			name = DevotionList.storyboard;
			sourceTree = "<group>";
		};
		99AB092820117F4400FD4505 /* LaunchScreen.storyboard */ = {
			isa = PBXVariantGroup;
			children = (
				99AB092920117F4400FD4505 /* Base */,
			);
			name = LaunchScreen.storyboard;
			sourceTree = "<group>";
		};
/* End PBXVariantGroup section */

/* Begin XCBuildConfiguration section */
		99AB093720117F4400FD4505 /* Debug */ = {
			isa = XCBuildConfiguration;
			buildSettings = {
				ALWAYS_SEARCH_USER_PATHS = NO;
				CLANG_ANALYZER_NONNULL = YES;
				CLANG_ANALYZER_NUMBER_OBJECT_CONVERSION = YES_AGGRESSIVE;
				CLANG_CXX_LANGUAGE_STANDARD = "gnu++14";
				CLANG_CXX_LIBRARY = "libc++";
				CLANG_ENABLE_MODULES = YES;
				CLANG_ENABLE_OBJC_ARC = YES;
				CLANG_WARN_BLOCK_CAPTURE_AUTORELEASING = YES;
				CLANG_WARN_BOOL_CONVERSION = YES;
				CLANG_WARN_COMMA = YES;
				CLANG_WARN_CONSTANT_CONVERSION = YES;
				CLANG_WARN_DIRECT_OBJC_ISA_USAGE = YES_ERROR;
				CLANG_WARN_DOCUMENTATION_COMMENTS = YES;
				CLANG_WARN_EMPTY_BODY = YES;
				CLANG_WARN_ENUM_CONVERSION = YES;
				CLANG_WARN_INFINITE_RECURSION = YES;
				CLANG_WARN_INT_CONVERSION = YES;
				CLANG_WARN_NON_LITERAL_NULL_CONVERSION = YES;
				CLANG_WARN_OBJC_LITERAL_CONVERSION = YES;
				CLANG_WARN_OBJC_ROOT_CLASS = YES_ERROR;
				CLANG_WARN_RANGE_LOOP_ANALYSIS = YES;
				CLANG_WARN_STRICT_PROTOTYPES = YES;
				CLANG_WARN_SUSPICIOUS_MOVE = YES;
				CLANG_WARN_UNGUARDED_AVAILABILITY = YES_AGGRESSIVE;
				CLANG_WARN_UNREACHABLE_CODE = YES;
				CLANG_WARN__DUPLICATE_METHOD_MATCH = YES;
				CODE_SIGN_IDENTITY = "iPhone Developer";
				COPY_PHASE_STRIP = NO;
				DEBUG_INFORMATION_FORMAT = dwarf;
				ENABLE_STRICT_OBJC_MSGSEND = YES;
				ENABLE_TESTABILITY = YES;
				GCC_C_LANGUAGE_STANDARD = gnu11;
				GCC_DYNAMIC_NO_PIC = NO;
				GCC_NO_COMMON_BLOCKS = YES;
				GCC_OPTIMIZATION_LEVEL = 0;
				GCC_PREPROCESSOR_DEFINITIONS = (
					"DEBUG=1",
					"$(inherited)",
				);
				GCC_WARN_64_TO_32_BIT_CONVERSION = YES;
				GCC_WARN_ABOUT_RETURN_TYPE = YES_ERROR;
				GCC_WARN_UNDECLARED_SELECTOR = YES;
				GCC_WARN_UNINITIALIZED_AUTOS = YES_AGGRESSIVE;
				GCC_WARN_UNUSED_FUNCTION = YES;
				GCC_WARN_UNUSED_VARIABLE = YES;
				IPHONEOS_DEPLOYMENT_TARGET = 11.1;
				MTL_ENABLE_DEBUG_INFO = YES;
				ONLY_ACTIVE_ARCH = YES;
				SDKROOT = iphoneos;
				SWIFT_ACTIVE_COMPILATION_CONDITIONS = DEBUG;
				SWIFT_OPTIMIZATION_LEVEL = "-Onone";
			};
			name = Debug;
		};
		99AB093820117F4400FD4505 /* Release */ = {
			isa = XCBuildConfiguration;
			buildSettings = {
				ALWAYS_SEARCH_USER_PATHS = NO;
				CLANG_ANALYZER_NONNULL = YES;
				CLANG_ANALYZER_NUMBER_OBJECT_CONVERSION = YES_AGGRESSIVE;
				CLANG_CXX_LANGUAGE_STANDARD = "gnu++14";
				CLANG_CXX_LIBRARY = "libc++";
				CLANG_ENABLE_MODULES = YES;
				CLANG_ENABLE_OBJC_ARC = YES;
				CLANG_WARN_BLOCK_CAPTURE_AUTORELEASING = YES;
				CLANG_WARN_BOOL_CONVERSION = YES;
				CLANG_WARN_COMMA = YES;
				CLANG_WARN_CONSTANT_CONVERSION = YES;
				CLANG_WARN_DIRECT_OBJC_ISA_USAGE = YES_ERROR;
				CLANG_WARN_DOCUMENTATION_COMMENTS = YES;
				CLANG_WARN_EMPTY_BODY = YES;
				CLANG_WARN_ENUM_CONVERSION = YES;
				CLANG_WARN_INFINITE_RECURSION = YES;
				CLANG_WARN_INT_CONVERSION = YES;
				CLANG_WARN_NON_LITERAL_NULL_CONVERSION = YES;
				CLANG_WARN_OBJC_LITERAL_CONVERSION = YES;
				CLANG_WARN_OBJC_ROOT_CLASS = YES_ERROR;
				CLANG_WARN_RANGE_LOOP_ANALYSIS = YES;
				CLANG_WARN_STRICT_PROTOTYPES = YES;
				CLANG_WARN_SUSPICIOUS_MOVE = YES;
				CLANG_WARN_UNGUARDED_AVAILABILITY = YES_AGGRESSIVE;
				CLANG_WARN_UNREACHABLE_CODE = YES;
				CLANG_WARN__DUPLICATE_METHOD_MATCH = YES;
				CODE_SIGN_IDENTITY = "iPhone Developer";
				COPY_PHASE_STRIP = NO;
				DEBUG_INFORMATION_FORMAT = "dwarf-with-dsym";
				ENABLE_NS_ASSERTIONS = NO;
				ENABLE_STRICT_OBJC_MSGSEND = YES;
				GCC_C_LANGUAGE_STANDARD = gnu11;
				GCC_NO_COMMON_BLOCKS = YES;
				GCC_WARN_64_TO_32_BIT_CONVERSION = YES;
				GCC_WARN_ABOUT_RETURN_TYPE = YES_ERROR;
				GCC_WARN_UNDECLARED_SELECTOR = YES;
				GCC_WARN_UNINITIALIZED_AUTOS = YES_AGGRESSIVE;
				GCC_WARN_UNUSED_FUNCTION = YES;
				GCC_WARN_UNUSED_VARIABLE = YES;
				IPHONEOS_DEPLOYMENT_TARGET = 11.1;
				MTL_ENABLE_DEBUG_INFO = NO;
				SDKROOT = iphoneos;
				SWIFT_OPTIMIZATION_LEVEL = "-Owholemodule";
				VALIDATE_PRODUCT = YES;
			};
			name = Release;
		};
		99AB093A20117F4400FD4505 /* Debug */ = {
			isa = XCBuildConfiguration;
			buildSettings = {
				ASSETCATALOG_COMPILER_APPICON_NAME = AppIcon;
				CODE_SIGN_STYLE = Automatic;
				DEVELOPMENT_TEAM = 2W3F26JRX2;
				INFOPLIST_FILE = Extol/Info.plist;
				LD_RUNPATH_SEARCH_PATHS = "$(inherited) @executable_path/Frameworks";
				PRODUCT_BUNDLE_IDENTIFIER = Bearsnsuch.Extol;
				PRODUCT_NAME = "$(TARGET_NAME)";
				SWIFT_VERSION = 4.0;
				TARGETED_DEVICE_FAMILY = "1,2";
			};
			name = Debug;
		};
		99AB093B20117F4400FD4505 /* Release */ = {
			isa = XCBuildConfiguration;
			buildSettings = {
				ASSETCATALOG_COMPILER_APPICON_NAME = AppIcon;
				CODE_SIGN_STYLE = Automatic;
				DEVELOPMENT_TEAM = 2W3F26JRX2;
				INFOPLIST_FILE = Extol/Info.plist;
				LD_RUNPATH_SEARCH_PATHS = "$(inherited) @executable_path/Frameworks";
				PRODUCT_BUNDLE_IDENTIFIER = Bearsnsuch.Extol;
				PRODUCT_NAME = "$(TARGET_NAME)";
				SWIFT_VERSION = 4.0;
				TARGETED_DEVICE_FAMILY = "1,2";
			};
			name = Release;
		};
		99AB093D20117F4400FD4505 /* Debug */ = {
			isa = XCBuildConfiguration;
			buildSettings = {
				ALWAYS_EMBED_SWIFT_STANDARD_LIBRARIES = YES;
				BUNDLE_LOADER = "$(TEST_HOST)";
				CODE_SIGN_STYLE = Automatic;
				DEVELOPMENT_TEAM = 2W3F26JRX2;
				INFOPLIST_FILE = ExtolTests/Info.plist;
				LD_RUNPATH_SEARCH_PATHS = "$(inherited) @executable_path/Frameworks @loader_path/Frameworks";
				PRODUCT_BUNDLE_IDENTIFIER = Bearsnsuch.ExtolTests;
				PRODUCT_NAME = "$(TARGET_NAME)";
				SWIFT_VERSION = 4.0;
				TARGETED_DEVICE_FAMILY = "1,2";
				TEST_HOST = "$(BUILT_PRODUCTS_DIR)/Extol.app/Extol";
			};
			name = Debug;
		};
		99AB093E20117F4400FD4505 /* Release */ = {
			isa = XCBuildConfiguration;
			buildSettings = {
				ALWAYS_EMBED_SWIFT_STANDARD_LIBRARIES = YES;
				BUNDLE_LOADER = "$(TEST_HOST)";
				CODE_SIGN_STYLE = Automatic;
				DEVELOPMENT_TEAM = 2W3F26JRX2;
				INFOPLIST_FILE = ExtolTests/Info.plist;
				LD_RUNPATH_SEARCH_PATHS = "$(inherited) @executable_path/Frameworks @loader_path/Frameworks";
				PRODUCT_BUNDLE_IDENTIFIER = Bearsnsuch.ExtolTests;
				PRODUCT_NAME = "$(TARGET_NAME)";
				SWIFT_VERSION = 4.0;
				TARGETED_DEVICE_FAMILY = "1,2";
				TEST_HOST = "$(BUILT_PRODUCTS_DIR)/Extol.app/Extol";
			};
			name = Release;
		};
/* End XCBuildConfiguration section */

/* Begin XCConfigurationList section */
		99AB091720117F4400FD4505 /* Build configuration list for PBXProject "Extol" */ = {
			isa = XCConfigurationList;
			buildConfigurations = (
				99AB093720117F4400FD4505 /* Debug */,
				99AB093820117F4400FD4505 /* Release */,
			);
			defaultConfigurationIsVisible = 0;
			defaultConfigurationName = Release;
		};
		99AB093920117F4400FD4505 /* Build configuration list for PBXNativeTarget "Extol" */ = {
			isa = XCConfigurationList;
			buildConfigurations = (
				99AB093A20117F4400FD4505 /* Debug */,
				99AB093B20117F4400FD4505 /* Release */,
			);
			defaultConfigurationIsVisible = 0;
			defaultConfigurationName = Release;
		};
		99AB093C20117F4400FD4505 /* Build configuration list for PBXNativeTarget "ExtolTests" */ = {
			isa = XCConfigurationList;
			buildConfigurations = (
				99AB093D20117F4400FD4505 /* Debug */,
				99AB093E20117F4400FD4505 /* Release */,
			);
			defaultConfigurationIsVisible = 0;
			defaultConfigurationName = Release;
		};
/* End XCConfigurationList section */
	};
	rootObject = 99AB091420117F4400FD4505 /* Project object */;
}
